// !$*UTF8*$!
{
	archiveVersion = 1;
	classes = {
	};
	objectVersion = 46;
	objects = {

/* Begin PBXBuildFile section */
		031254221846665F00650AA4 /* Foundation.framework in Frameworks */ = {isa = PBXBuildFile; fileRef = 031254211846665F00650AA4 /* Foundation.framework */; };
		031254241846665F00650AA4 /* CoreGraphics.framework in Frameworks */ = {isa = PBXBuildFile; fileRef = 031254231846665F00650AA4 /* CoreGraphics.framework */; };
		031254261846665F00650AA4 /* UIKit.framework in Frameworks */ = {isa = PBXBuildFile; fileRef = 031254251846665F00650AA4 /* UIKit.framework */; };
		0312542C1846665F00650AA4 /* InfoPlist.strings in Resources */ = {isa = PBXBuildFile; fileRef = 0312542A1846665F00650AA4 /* InfoPlist.strings */; };
		0312542E1846665F00650AA4 /* main.m in Sources */ = {isa = PBXBuildFile; fileRef = 0312542D1846665F00650AA4 /* main.m */; };
		031254321846665F00650AA4 /* AppDelegate.m in Sources */ = {isa = PBXBuildFile; fileRef = 031254311846665F00650AA4 /* AppDelegate.m */; };
		031254351846665F00650AA4 /* Main.storyboard in Resources */ = {isa = PBXBuildFile; fileRef = 031254331846665F00650AA4 /* Main.storyboard */; };
		031254381846665F00650AA4 /* ViewController.m in Sources */ = {isa = PBXBuildFile; fileRef = 031254371846665F00650AA4 /* ViewController.m */; };
		0312543A1846665F00650AA4 /* Images.xcassets in Resources */ = {isa = PBXBuildFile; fileRef = 031254391846665F00650AA4 /* Images.xcassets */; };
		031254411846665F00650AA4 /* XCTest.framework in Frameworks */ = {isa = PBXBuildFile; fileRef = 031254401846665F00650AA4 /* XCTest.framework */; };
		031254421846665F00650AA4 /* Foundation.framework in Frameworks */ = {isa = PBXBuildFile; fileRef = 031254211846665F00650AA4 /* Foundation.framework */; };
		031254431846665F00650AA4 /* UIKit.framework in Frameworks */ = {isa = PBXBuildFile; fileRef = 031254251846665F00650AA4 /* UIKit.framework */; };
		0312544B1846665F00650AA4 /* InfoPlist.strings in Resources */ = {isa = PBXBuildFile; fileRef = 031254491846665F00650AA4 /* InfoPlist.strings */; };
		0312544D1846665F00650AA4 /* SquashAppTests.m in Sources */ = {isa = PBXBuildFile; fileRef = 0312544C1846665F00650AA4 /* SquashAppTests.m */; };
		03125457184666BD00650AA4 /* AVFoundation.framework in Frameworks */ = {isa = PBXBuildFile; fileRef = 03125456184666BD00650AA4 /* AVFoundation.framework */; };
		031254731846678400650AA4 /* SquashCourt.png in Resources */ = {isa = PBXBuildFile; fileRef = 0312545A1846678300650AA4 /* SquashCourt.png */; };
		031254751846678400650AA4 /* number1.wav in Resources */ = {isa = PBXBuildFile; fileRef = 0312545E1846678400650AA4 /* number1.wav */; };
		031254761846678400650AA4 /* number10.wav in Resources */ = {isa = PBXBuildFile; fileRef = 0312545F1846678400650AA4 /* number10.wav */; };
		031254771846678400650AA4 /* number2.wav in Resources */ = {isa = PBXBuildFile; fileRef = 031254601846678400650AA4 /* number2.wav */; };
		031254781846678400650AA4 /* number3.wav in Resources */ = {isa = PBXBuildFile; fileRef = 031254611846678400650AA4 /* number3.wav */; };
		031254791846678400650AA4 /* number4.wav in Resources */ = {isa = PBXBuildFile; fileRef = 031254621846678400650AA4 /* number4.wav */; };
		0312547A1846678400650AA4 /* number5.wav in Resources */ = {isa = PBXBuildFile; fileRef = 031254631846678400650AA4 /* number5.wav */; };
		0312547B1846678400650AA4 /* number6.wav in Resources */ = {isa = PBXBuildFile; fileRef = 031254641846678400650AA4 /* number6.wav */; };
		0312547C1846678400650AA4 /* number7.wav in Resources */ = {isa = PBXBuildFile; fileRef = 031254651846678400650AA4 /* number7.wav */; };
		0312547D1846678400650AA4 /* number8.wav in Resources */ = {isa = PBXBuildFile; fileRef = 031254661846678400650AA4 /* number8.wav */; };
		0312547E1846678400650AA4 /* number9.wav in Resources */ = {isa = PBXBuildFile; fileRef = 031254671846678400650AA4 /* number9.wav */; };
		0312547F1846678400650AA4 /* numero1.wav in Resources */ = {isa = PBXBuildFile; fileRef = 031254691846678400650AA4 /* numero1.wav */; };
		031254801846678400650AA4 /* numero10.wav in Resources */ = {isa = PBXBuildFile; fileRef = 0312546A1846678400650AA4 /* numero10.wav */; };
		031254811846678400650AA4 /* numero2.wav in Resources */ = {isa = PBXBuildFile; fileRef = 0312546B1846678400650AA4 /* numero2.wav */; };
		031254821846678400650AA4 /* numero3.wav in Resources */ = {isa = PBXBuildFile; fileRef = 0312546C1846678400650AA4 /* numero3.wav */; };
		031254831846678400650AA4 /* numero4.wav in Resources */ = {isa = PBXBuildFile; fileRef = 0312546D1846678400650AA4 /* numero4.wav */; };
		031254841846678400650AA4 /* numero5.wav in Resources */ = {isa = PBXBuildFile; fileRef = 0312546E1846678400650AA4 /* numero5.wav */; };
		031254851846678400650AA4 /* numero6.wav in Resources */ = {isa = PBXBuildFile; fileRef = 0312546F1846678400650AA4 /* numero6.wav */; };
		031254861846678400650AA4 /* numero7.wav in Resources */ = {isa = PBXBuildFile; fileRef = 031254701846678400650AA4 /* numero7.wav */; };
		031254871846678400650AA4 /* numero8.wav in Resources */ = {isa = PBXBuildFile; fileRef = 031254711846678400650AA4 /* numero8.wav */; };
		031254881846678400650AA4 /* numero9.wav in Resources */ = {isa = PBXBuildFile; fileRef = 031254721846678400650AA4 /* numero9.wav */; };
		03F35BC61A25CEC800944C31 /* Localizable.strings in Resources */ = {isa = PBXBuildFile; fileRef = 03F35BC81A25CEC800944C31 /* Localizable.strings */; };
/* End PBXBuildFile section */

/* Begin PBXContainerItemProxy section */
		031254441846665F00650AA4 /* PBXContainerItemProxy */ = {
			isa = PBXContainerItemProxy;
			containerPortal = 031254161846665F00650AA4 /* Project object */;
			proxyType = 1;
			remoteGlobalIDString = 0312541D1846665F00650AA4;
			remoteInfo = SquashApp;
		};
/* End PBXContainerItemProxy section */

/* Begin PBXFileReference section */
		0312541E1846665F00650AA4 /* SquashApp.app */ = {isa = PBXFileReference; explicitFileType = wrapper.application; includeInIndex = 0; path = SquashApp.app; sourceTree = BUILT_PRODUCTS_DIR; };
		031254211846665F00650AA4 /* Foundation.framework */ = {isa = PBXFileReference; lastKnownFileType = wrapper.framework; name = Foundation.framework; path = System/Library/Frameworks/Foundation.framework; sourceTree = SDKROOT; };
		031254231846665F00650AA4 /* CoreGraphics.framework */ = {isa = PBXFileReference; lastKnownFileType = wrapper.framework; name = CoreGraphics.framework; path = System/Library/Frameworks/CoreGraphics.framework; sourceTree = SDKROOT; };
		031254251846665F00650AA4 /* UIKit.framework */ = {isa = PBXFileReference; lastKnownFileType = wrapper.framework; name = UIKit.framework; path = System/Library/Frameworks/UIKit.framework; sourceTree = SDKROOT; };
		031254291846665F00650AA4 /* SquashApp-Info.plist */ = {isa = PBXFileReference; lastKnownFileType = text.plist.xml; path = "SquashApp-Info.plist"; sourceTree = "<group>"; };
		0312542B1846665F00650AA4 /* en */ = {isa = PBXFileReference; lastKnownFileType = text.plist.strings; name = en; path = en.lproj/InfoPlist.strings; sourceTree = "<group>"; };
		0312542D1846665F00650AA4 /* main.m */ = {isa = PBXFileReference; lastKnownFileType = sourcecode.c.objc; path = main.m; sourceTree = "<group>"; };
		0312542F1846665F00650AA4 /* SquashApp-Prefix.pch */ = {isa = PBXFileReference; lastKnownFileType = sourcecode.c.h; path = "SquashApp-Prefix.pch"; sourceTree = "<group>"; };
		031254301846665F00650AA4 /* AppDelegate.h */ = {isa = PBXFileReference; lastKnownFileType = sourcecode.c.h; path = AppDelegate.h; sourceTree = "<group>"; };
		031254311846665F00650AA4 /* AppDelegate.m */ = {isa = PBXFileReference; lastKnownFileType = sourcecode.c.objc; path = AppDelegate.m; sourceTree = "<group>"; };
		031254341846665F00650AA4 /* Base */ = {isa = PBXFileReference; lastKnownFileType = file.storyboard; name = Base; path = Base.lproj/Main.storyboard; sourceTree = "<group>"; };
		031254361846665F00650AA4 /* ViewController.h */ = {isa = PBXFileReference; lastKnownFileType = sourcecode.c.h; path = ViewController.h; sourceTree = "<group>"; };
		031254371846665F00650AA4 /* ViewController.m */ = {isa = PBXFileReference; lastKnownFileType = sourcecode.c.objc; path = ViewController.m; sourceTree = "<group>"; };
		031254391846665F00650AA4 /* Images.xcassets */ = {isa = PBXFileReference; lastKnownFileType = folder.assetcatalog; path = Images.xcassets; sourceTree = "<group>"; };
		0312543F1846665F00650AA4 /* SquashAppTests.xctest */ = {isa = PBXFileReference; explicitFileType = wrapper.cfbundle; includeInIndex = 0; path = SquashAppTests.xctest; sourceTree = BUILT_PRODUCTS_DIR; };
		031254401846665F00650AA4 /* XCTest.framework */ = {isa = PBXFileReference; lastKnownFileType = wrapper.framework; name = XCTest.framework; path = Library/Frameworks/XCTest.framework; sourceTree = DEVELOPER_DIR; };
		031254481846665F00650AA4 /* SquashAppTests-Info.plist */ = {isa = PBXFileReference; lastKnownFileType = text.plist.xml; path = "SquashAppTests-Info.plist"; sourceTree = "<group>"; };
		0312544A1846665F00650AA4 /* en */ = {isa = PBXFileReference; lastKnownFileType = text.plist.strings; name = en; path = en.lproj/InfoPlist.strings; sourceTree = "<group>"; };
		0312544C1846665F00650AA4 /* SquashAppTests.m */ = {isa = PBXFileReference; lastKnownFileType = sourcecode.c.objc; path = SquashAppTests.m; sourceTree = "<group>"; };
		03125456184666BD00650AA4 /* AVFoundation.framework */ = {isa = PBXFileReference; lastKnownFileType = wrapper.framework; name = AVFoundation.framework; path = System/Library/Frameworks/AVFoundation.framework; sourceTree = SDKROOT; };
		0312545A1846678300650AA4 /* SquashCourt.png */ = {isa = PBXFileReference; lastKnownFileType = image.png; path = SquashCourt.png; sourceTree = "<group>"; };
		0312545E1846678400650AA4 /* number1.wav */ = {isa = PBXFileReference; lastKnownFileType = audio.wav; path = number1.wav; sourceTree = "<group>"; };
		0312545F1846678400650AA4 /* number10.wav */ = {isa = PBXFileReference; lastKnownFileType = audio.wav; path = number10.wav; sourceTree = "<group>"; };
		031254601846678400650AA4 /* number2.wav */ = {isa = PBXFileReference; lastKnownFileType = audio.wav; path = number2.wav; sourceTree = "<group>"; };
		031254611846678400650AA4 /* number3.wav */ = {isa = PBXFileReference; lastKnownFileType = audio.wav; path = number3.wav; sourceTree = "<group>"; };
		031254621846678400650AA4 /* number4.wav */ = {isa = PBXFileReference; lastKnownFileType = audio.wav; path = number4.wav; sourceTree = "<group>"; };
		031254631846678400650AA4 /* number5.wav */ = {isa = PBXFileReference; lastKnownFileType = audio.wav; path = number5.wav; sourceTree = "<group>"; };
		031254641846678400650AA4 /* number6.wav */ = {isa = PBXFileReference; lastKnownFileType = audio.wav; path = number6.wav; sourceTree = "<group>"; };
		031254651846678400650AA4 /* number7.wav */ = {isa = PBXFileReference; lastKnownFileType = audio.wav; path = number7.wav; sourceTree = "<group>"; };
		031254661846678400650AA4 /* number8.wav */ = {isa = PBXFileReference; lastKnownFileType = audio.wav; path = number8.wav; sourceTree = "<group>"; };
		031254671846678400650AA4 /* number9.wav */ = {isa = PBXFileReference; lastKnownFileType = audio.wav; path = number9.wav; sourceTree = "<group>"; };
		031254691846678400650AA4 /* numero1.wav */ = {isa = PBXFileReference; lastKnownFileType = audio.wav; path = numero1.wav; sourceTree = "<group>"; };
		0312546A1846678400650AA4 /* numero10.wav */ = {isa = PBXFileReference; lastKnownFileType = audio.wav; path = numero10.wav; sourceTree = "<group>"; };
		0312546B1846678400650AA4 /* numero2.wav */ = {isa = PBXFileReference; lastKnownFileType = audio.wav; path = numero2.wav; sourceTree = "<group>"; };
		0312546C1846678400650AA4 /* numero3.wav */ = {isa = PBXFileReference; lastKnownFileType = audio.wav; path = numero3.wav; sourceTree = "<group>"; };
		0312546D1846678400650AA4 /* numero4.wav */ = {isa = PBXFileReference; lastKnownFileType = audio.wav; path = numero4.wav; sourceTree = "<group>"; };
		0312546E1846678400650AA4 /* numero5.wav */ = {isa = PBXFileReference; lastKnownFileType = audio.wav; path = numero5.wav; sourceTree = "<group>"; };
		0312546F1846678400650AA4 /* numero6.wav */ = {isa = PBXFileReference; lastKnownFileType = audio.wav; path = numero6.wav; sourceTree = "<group>"; };
		031254701846678400650AA4 /* numero7.wav */ = {isa = PBXFileReference; lastKnownFileType = audio.wav; path = numero7.wav; sourceTree = "<group>"; };
		031254711846678400650AA4 /* numero8.wav */ = {isa = PBXFileReference; lastKnownFileType = audio.wav; path = numero8.wav; sourceTree = "<group>"; };
		031254721846678400650AA4 /* numero9.wav */ = {isa = PBXFileReference; lastKnownFileType = audio.wav; path = numero9.wav; sourceTree = "<group>"; };
		03F35BC71A25CEC800944C31 /* Base */ = {isa = PBXFileReference; lastKnownFileType = text.plist.strings; name = Base; path = Base.lproj/Localizable.strings; sourceTree = "<group>"; };
		03F35BC91A25CED600944C31 /* es */ = {isa = PBXFileReference; lastKnownFileType = text.plist.strings; name = es; path = es.lproj/Main.strings; sourceTree = "<group>"; };
		03F35BCA1A25CED600944C31 /* es */ = {isa = PBXFileReference; lastKnownFileType = text.plist.strings; name = es; path = es.lproj/InfoPlist.strings; sourceTree = "<group>"; };
		03F35BCB1A25CED600944C31 /* es */ = {isa = PBXFileReference; lastKnownFileType = text.plist.strings; name = es; path = es.lproj/Localizable.strings; sourceTree = "<group>"; };
		03F35BCC1A25CED600944C31 /* es */ = {isa = PBXFileReference; lastKnownFileType = text.plist.strings; name = es; path = es.lproj/InfoPlist.strings; sourceTree = "<group>"; };
		03F35BCD1A25CEE700944C31 /* en */ = {isa = PBXFileReference; lastKnownFileType = text.plist.strings; name = en; path = en.lproj/Localizable.strings; sourceTree = "<group>"; };
/* End PBXFileReference section */

/* Begin PBXFrameworksBuildPhase section */
		0312541B1846665F00650AA4 /* Frameworks */ = {
			isa = PBXFrameworksBuildPhase;
			buildActionMask = 2147483647;
			files = (
				03125457184666BD00650AA4 /* AVFoundation.framework in Frameworks */,
				031254241846665F00650AA4 /* CoreGraphics.framework in Frameworks */,
				031254261846665F00650AA4 /* UIKit.framework in Frameworks */,
				031254221846665F00650AA4 /* Foundation.framework in Frameworks */,
			);
			runOnlyForDeploymentPostprocessing = 0;
		};
		0312543C1846665F00650AA4 /* Frameworks */ = {
			isa = PBXFrameworksBuildPhase;
			buildActionMask = 2147483647;
			files = (
				031254411846665F00650AA4 /* XCTest.framework in Frameworks */,
				031254431846665F00650AA4 /* UIKit.framework in Frameworks */,
				031254421846665F00650AA4 /* Foundation.framework in Frameworks */,
			);
			runOnlyForDeploymentPostprocessing = 0;
		};
/* End PBXFrameworksBuildPhase section */

/* Begin PBXGroup section */
		031254151846665F00650AA4 = {
			isa = PBXGroup;
			children = (
				031254271846665F00650AA4 /* SquashApp */,
				031254461846665F00650AA4 /* SquashAppTests */,
				031254201846665F00650AA4 /* Frameworks */,
				0312541F1846665F00650AA4 /* Products */,
			);
			sourceTree = "<group>";
		};
		0312541F1846665F00650AA4 /* Products */ = {
			isa = PBXGroup;
			children = (
				0312541E1846665F00650AA4 /* SquashApp.app */,
				0312543F1846665F00650AA4 /* SquashAppTests.xctest */,
			);
			name = Products;
			sourceTree = "<group>";
		};
		031254201846665F00650AA4 /* Frameworks */ = {
			isa = PBXGroup;
			children = (
				03125456184666BD00650AA4 /* AVFoundation.framework */,
				031254211846665F00650AA4 /* Foundation.framework */,
				031254231846665F00650AA4 /* CoreGraphics.framework */,
				031254251846665F00650AA4 /* UIKit.framework */,
				031254401846665F00650AA4 /* XCTest.framework */,
			);
			name = Frameworks;
			sourceTree = "<group>";
		};
		031254271846665F00650AA4 /* SquashApp */ = {
			isa = PBXGroup;
			children = (
				031254301846665F00650AA4 /* AppDelegate.h */,
				031254311846665F00650AA4 /* AppDelegate.m */,
				031254331846665F00650AA4 /* Main.storyboard */,
				031254361846665F00650AA4 /* ViewController.h */,
				031254371846665F00650AA4 /* ViewController.m */,
				031254391846665F00650AA4 /* Images.xcassets */,
				031254281846665F00650AA4 /* Supporting Files */,
				03F35BC81A25CEC800944C31 /* Localizable.strings */,
			);
			path = SquashApp;
			sourceTree = "<group>";
		};
		031254281846665F00650AA4 /* Supporting Files */ = {
			isa = PBXGroup;
			children = (
				031254581846678300650AA4 /* Squash */,
				031254291846665F00650AA4 /* SquashApp-Info.plist */,
				0312542A1846665F00650AA4 /* InfoPlist.strings */,
				0312542D1846665F00650AA4 /* main.m */,
				0312542F1846665F00650AA4 /* SquashApp-Prefix.pch */,
			);
			name = "Supporting Files";
			sourceTree = "<group>";
		};
		031254461846665F00650AA4 /* SquashAppTests */ = {
			isa = PBXGroup;
			children = (
				0312544C1846665F00650AA4 /* SquashAppTests.m */,
				031254471846665F00650AA4 /* Supporting Files */,
			);
			path = SquashAppTests;
			sourceTree = "<group>";
		};
		031254471846665F00650AA4 /* Supporting Files */ = {
			isa = PBXGroup;
			children = (
				031254481846665F00650AA4 /* SquashAppTests-Info.plist */,
				031254491846665F00650AA4 /* InfoPlist.strings */,
			);
			name = "Supporting Files";
			sourceTree = "<group>";
		};
		031254581846678300650AA4 /* Squash */ = {
			isa = PBXGroup;
			children = (
				031254591846678300650AA4 /* Images */,
				0312545C1846678300650AA4 /* numbers */,
			);
			path = Squash;
			sourceTree = "<group>";
		};
		031254591846678300650AA4 /* Images */ = {
			isa = PBXGroup;
			children = (
				0312545A1846678300650AA4 /* SquashCourt.png */,
			);
			path = Images;
			sourceTree = "<group>";
		};
		0312545C1846678300650AA4 /* numbers */ = {
			isa = PBXGroup;
			children = (
				0312545D1846678400650AA4 /* en */,
				031254681846678400650AA4 /* es */,
			);
			path = numbers;
			sourceTree = "<group>";
		};
		0312545D1846678400650AA4 /* en */ = {
			isa = PBXGroup;
			children = (
				0312545E1846678400650AA4 /* number1.wav */,
				0312545F1846678400650AA4 /* number10.wav */,
				031254601846678400650AA4 /* number2.wav */,
				031254611846678400650AA4 /* number3.wav */,
				031254621846678400650AA4 /* number4.wav */,
				031254631846678400650AA4 /* number5.wav */,
				031254641846678400650AA4 /* number6.wav */,
				031254651846678400650AA4 /* number7.wav */,
				031254661846678400650AA4 /* number8.wav */,
				031254671846678400650AA4 /* number9.wav */,
			);
			path = en;
			sourceTree = "<group>";
		};
		031254681846678400650AA4 /* es */ = {
			isa = PBXGroup;
			children = (
				031254691846678400650AA4 /* numero1.wav */,
				0312546A1846678400650AA4 /* numero10.wav */,
				0312546B1846678400650AA4 /* numero2.wav */,
				0312546C1846678400650AA4 /* numero3.wav */,
				0312546D1846678400650AA4 /* numero4.wav */,
				0312546E1846678400650AA4 /* numero5.wav */,
				0312546F1846678400650AA4 /* numero6.wav */,
				031254701846678400650AA4 /* numero7.wav */,
				031254711846678400650AA4 /* numero8.wav */,
				031254721846678400650AA4 /* numero9.wav */,
			);
			path = es;
			sourceTree = "<group>";
		};
/* End PBXGroup section */

/* Begin PBXNativeTarget section */
		0312541D1846665F00650AA4 /* SquashApp */ = {
			isa = PBXNativeTarget;
			buildConfigurationList = 031254501846665F00650AA4 /* Build configuration list for PBXNativeTarget "SquashApp" */;
			buildPhases = (
				0312541A1846665F00650AA4 /* Sources */,
				0312541B1846665F00650AA4 /* Frameworks */,
				0312541C1846665F00650AA4 /* Resources */,
			);
			buildRules = (
			);
			dependencies = (
			);
			name = SquashApp;
			productName = SquashApp;
			productReference = 0312541E1846665F00650AA4 /* SquashApp.app */;
			productType = "com.apple.product-type.application";
		};
		0312543E1846665F00650AA4 /* SquashAppTests */ = {
			isa = PBXNativeTarget;
			buildConfigurationList = 031254531846665F00650AA4 /* Build configuration list for PBXNativeTarget "SquashAppTests" */;
			buildPhases = (
				0312543B1846665F00650AA4 /* Sources */,
				0312543C1846665F00650AA4 /* Frameworks */,
				0312543D1846665F00650AA4 /* Resources */,
			);
			buildRules = (
			);
			dependencies = (
				031254451846665F00650AA4 /* PBXTargetDependency */,
			);
			name = SquashAppTests;
			productName = SquashAppTests;
			productReference = 0312543F1846665F00650AA4 /* SquashAppTests.xctest */;
			productType = "com.apple.product-type.bundle.unit-test";
		};
/* End PBXNativeTarget section */

/* Begin PBXProject section */
		031254161846665F00650AA4 /* Project object */ = {
			isa = PBXProject;
			attributes = {
				LastUpgradeCheck = 0810;
				ORGANIZATIONNAME = UAB;
				TargetAttributes = {
					0312543E1846665F00650AA4 = {
						TestTargetID = 0312541D1846665F00650AA4;
					};
				};
			};
			buildConfigurationList = 031254191846665F00650AA4 /* Build configuration list for PBXProject "SquashApp" */;
			compatibilityVersion = "Xcode 3.2";
			developmentRegion = English;
			hasScannedForEncodings = 0;
			knownRegions = (
				en,
				Base,
				es,
			);
			mainGroup = 031254151846665F00650AA4;
			productRefGroup = 0312541F1846665F00650AA4 /* Products */;
			projectDirPath = "";
			projectRoot = "";
			targets = (
				0312541D1846665F00650AA4 /* SquashApp */,
				0312543E1846665F00650AA4 /* SquashAppTests */,
			);
		};
/* End PBXProject section */

/* Begin PBXResourcesBuildPhase section */
		0312541C1846665F00650AA4 /* Resources */ = {
			isa = PBXResourcesBuildPhase;
			buildActionMask = 2147483647;
			files = (
				031254841846678400650AA4 /* numero5.wav in Resources */,
				031254731846678400650AA4 /* SquashCourt.png in Resources */,
				0312547B1846678400650AA4 /* number6.wav in Resources */,
				0312547C1846678400650AA4 /* number7.wav in Resources */,
				031254821846678400650AA4 /* numero3.wav in Resources */,
				0312547D1846678400650AA4 /* number8.wav in Resources */,
				031254781846678400650AA4 /* number3.wav in Resources */,
				031254771846678400650AA4 /* number2.wav in Resources */,
				03F35BC61A25CEC800944C31 /* Localizable.strings in Resources */,
				031254881846678400650AA4 /* numero9.wav in Resources */,
				031254761846678400650AA4 /* number10.wav in Resources */,
				031254831846678400650AA4 /* numero4.wav in Resources */,
				031254861846678400650AA4 /* numero7.wav in Resources */,
				0312543A1846665F00650AA4 /* Images.xcassets in Resources */,
				031254871846678400650AA4 /* numero8.wav in Resources */,
				0312547A1846678400650AA4 /* number5.wav in Resources */,
				031254791846678400650AA4 /* number4.wav in Resources */,
				0312547E1846678400650AA4 /* number9.wav in Resources */,
				0312542C1846665F00650AA4 /* InfoPlist.strings in Resources */,
				031254811846678400650AA4 /* numero2.wav in Resources */,
				031254351846665F00650AA4 /* Main.storyboard in Resources */,
				0312547F1846678400650AA4 /* numero1.wav in Resources */,
				031254751846678400650AA4 /* number1.wav in Resources */,
				031254801846678400650AA4 /* numero10.wav in Resources */,
				031254851846678400650AA4 /* numero6.wav in Resources */,
			);
			runOnlyForDeploymentPostprocessing = 0;
		};
		0312543D1846665F00650AA4 /* Resources */ = {
			isa = PBXResourcesBuildPhase;
			buildActionMask = 2147483647;
			files = (
				0312544B1846665F00650AA4 /* InfoPlist.strings in Resources */,
			);
			runOnlyForDeploymentPostprocessing = 0;
		};
/* End PBXResourcesBuildPhase section */

/* Begin PBXSourcesBuildPhase section */
		0312541A1846665F00650AA4 /* Sources */ = {
			isa = PBXSourcesBuildPhase;
			buildActionMask = 2147483647;
			files = (
				031254381846665F00650AA4 /* ViewController.m in Sources */,
				031254321846665F00650AA4 /* AppDelegate.m in Sources */,
				0312542E1846665F00650AA4 /* main.m in Sources */,
			);
			runOnlyForDeploymentPostprocessing = 0;
		};
		0312543B1846665F00650AA4 /* Sources */ = {
			isa = PBXSourcesBuildPhase;
			buildActionMask = 2147483647;
			files = (
				0312544D1846665F00650AA4 /* SquashAppTests.m in Sources */,
			);
			runOnlyForDeploymentPostprocessing = 0;
		};
/* End PBXSourcesBuildPhase section */

/* Begin PBXTargetDependency section */
		031254451846665F00650AA4 /* PBXTargetDependency */ = {
			isa = PBXTargetDependency;
			target = 0312541D1846665F00650AA4 /* SquashApp */;
			targetProxy = 031254441846665F00650AA4 /* PBXContainerItemProxy */;
		};
/* End PBXTargetDependency section */

/* Begin PBXVariantGroup section */
		0312542A1846665F00650AA4 /* InfoPlist.strings */ = {
			isa = PBXVariantGroup;
			children = (
				0312542B1846665F00650AA4 /* en */,
				03F35BCA1A25CED600944C31 /* es */,
			);
			name = InfoPlist.strings;
			sourceTree = "<group>";
		};
		031254331846665F00650AA4 /* Main.storyboard */ = {
			isa = PBXVariantGroup;
			children = (
				031254341846665F00650AA4 /* Base */,
				03F35BC91A25CED600944C31 /* es */,
			);
			name = Main.storyboard;
			sourceTree = "<group>";
		};
		031254491846665F00650AA4 /* InfoPlist.strings */ = {
			isa = PBXVariantGroup;
			children = (
				0312544A1846665F00650AA4 /* en */,
				03F35BCC1A25CED600944C31 /* es */,
			);
			name = InfoPlist.strings;
			sourceTree = "<group>";
		};
		03F35BC81A25CEC800944C31 /* Localizable.strings */ = {
			isa = PBXVariantGroup;
			children = (
				03F35BC71A25CEC800944C31 /* Base */,
				03F35BCB1A25CED600944C31 /* es */,
				03F35BCD1A25CEE700944C31 /* en */,
			);
			name = Localizable.strings;
			sourceTree = "<group>";
		};
/* End PBXVariantGroup section */

/* Begin XCBuildConfiguration section */
		0312544E1846665F00650AA4 /* Debug */ = {
			isa = XCBuildConfiguration;
			buildSettings = {
				ALWAYS_SEARCH_USER_PATHS = NO;
				CLANG_ANALYZER_LOCALIZABILITY_NONLOCALIZED = YES;
				CLANG_CXX_LANGUAGE_STANDARD = "gnu++0x";
				CLANG_CXX_LIBRARY = "libc++";
				CLANG_ENABLE_MODULES = YES;
				CLANG_ENABLE_OBJC_ARC = YES;
				CLANG_WARN_BOOL_CONVERSION = YES;
				CLANG_WARN_CONSTANT_CONVERSION = YES;
				CLANG_WARN_DIRECT_OBJC_ISA_USAGE = YES_ERROR;
				CLANG_WARN_EMPTY_BODY = YES;
				CLANG_WARN_ENUM_CONVERSION = YES;
				CLANG_WARN_INFINITE_RECURSION = YES;
				CLANG_WARN_INT_CONVERSION = YES;
				CLANG_WARN_OBJC_ROOT_CLASS = YES_ERROR;
				CLANG_WARN_SUSPICIOUS_MOVE = YES;
				CLANG_WARN_UNREACHABLE_CODE = YES;
				CLANG_WARN__DUPLICATE_METHOD_MATCH = YES;
				"CODE_SIGN_IDENTITY[sdk=iphoneos*]" = "iPhone Developer";
				COPY_PHASE_STRIP = NO;
				ENABLE_STRICT_OBJC_MSGSEND = YES;
				ENABLE_TESTABILITY = YES;
				GCC_C_LANGUAGE_STANDARD = gnu99;
				GCC_DYNAMIC_NO_PIC = NO;
				GCC_NO_COMMON_BLOCKS = YES;
				GCC_OPTIMIZATION_LEVEL = 0;
				GCC_PREPROCESSOR_DEFINITIONS = (
					"DEBUG=1",
					"$(inherited)",
				);
				GCC_SYMBOLS_PRIVATE_EXTERN = NO;
				GCC_WARN_64_TO_32_BIT_CONVERSION = YES;
				GCC_WARN_ABOUT_RETURN_TYPE = YES_ERROR;
				GCC_WARN_UNDECLARED_SELECTOR = YES;
				GCC_WARN_UNINITIALIZED_AUTOS = YES;
				GCC_WARN_UNUSED_FUNCTION = YES;
				GCC_WARN_UNUSED_VARIABLE = YES;
				IPHONEOS_DEPLOYMENT_TARGET = 9.1;
				ONLY_ACTIVE_ARCH = YES;
				SDKROOT = iphoneos;
				TARGETED_DEVICE_FAMILY = 2;
			};
			name = Debug;
		};
		0312544F1846665F00650AA4 /* Release */ = {
			isa = XCBuildConfiguration;
			buildSettings = {
				ALWAYS_SEARCH_USER_PATHS = NO;
				CLANG_ANALYZER_LOCALIZABILITY_NONLOCALIZED = YES;
				CLANG_CXX_LANGUAGE_STANDARD = "gnu++0x";
				CLANG_CXX_LIBRARY = "libc++";
				CLANG_ENABLE_MODULES = YES;
				CLANG_ENABLE_OBJC_ARC = YES;
				CLANG_WARN_BOOL_CONVERSION = YES;
				CLANG_WARN_CONSTANT_CONVERSION = YES;
				CLANG_WARN_DIRECT_OBJC_ISA_USAGE = YES_ERROR;
				CLANG_WARN_EMPTY_BODY = YES;
				CLANG_WARN_ENUM_CONVERSION = YES;
				CLANG_WARN_INFINITE_RECURSION = YES;
				CLANG_WARN_INT_CONVERSION = YES;
				CLANG_WARN_OBJC_ROOT_CLASS = YES_ERROR;
				CLANG_WARN_SUSPICIOUS_MOVE = YES;
				CLANG_WARN_UNREACHABLE_CODE = YES;
				CLANG_WARN__DUPLICATE_METHOD_MATCH = YES;
				"CODE_SIGN_IDENTITY[sdk=iphoneos*]" = "iPhone Developer";
				COPY_PHASE_STRIP = YES;
				ENABLE_NS_ASSERTIONS = NO;
				ENABLE_STRICT_OBJC_MSGSEND = YES;
				GCC_C_LANGUAGE_STANDARD = gnu99;
				GCC_NO_COMMON_BLOCKS = YES;
				GCC_WARN_64_TO_32_BIT_CONVERSION = YES;
				GCC_WARN_ABOUT_RETURN_TYPE = YES_ERROR;
				GCC_WARN_UNDECLARED_SELECTOR = YES;
				GCC_WARN_UNINITIALIZED_AUTOS = YES;
				GCC_WARN_UNUSED_FUNCTION = YES;
				GCC_WARN_UNUSED_VARIABLE = YES;
				IPHONEOS_DEPLOYMENT_TARGET = 9.1;
				SDKROOT = iphoneos;
				TARGETED_DEVICE_FAMILY = 2;
				VALIDATE_PRODUCT = YES;
			};
			name = Release;
		};
		031254511846665F00650AA4 /* Debug */ = {
			isa = XCBuildConfiguration;
			buildSettings = {
				ASSETCATALOG_COMPILER_APPICON_NAME = AppIcon;
				ASSETCATALOG_COMPILER_LAUNCHIMAGE_NAME = LaunchImage;
				GCC_PRECOMPILE_PREFIX_HEADER = YES;
				GCC_PREFIX_HEADER = "SquashApp/SquashApp-Prefix.pch";
				INFOPLIST_FILE = "SquashApp/SquashApp-Info.plist";
				PRODUCT_BUNDLE_IDENTIFIER = "cat.uab.${PRODUCT_NAME:rfc1034identifier}";
				PRODUCT_NAME = "$(TARGET_NAME)";
				WRAPPER_EXTENSION = app;
			};
			name = Debug;
		};
		031254521846665F00650AA4 /* Release */ = {
			isa = XCBuildConfiguration;
			buildSettings = {
				ASSETCATALOG_COMPILER_APPICON_NAME = AppIcon;
				ASSETCATALOG_COMPILER_LAUNCHIMAGE_NAME = LaunchImage;
				GCC_PRECOMPILE_PREFIX_HEADER = YES;
				GCC_PREFIX_HEADER = "SquashApp/SquashApp-Prefix.pch";
				INFOPLIST_FILE = "SquashApp/SquashApp-Info.plist";
				PRODUCT_BUNDLE_IDENTIFIER = "cat.uab.${PRODUCT_NAME:rfc1034identifier}";
				PRODUCT_NAME = "$(TARGET_NAME)";
				WRAPPER_EXTENSION = app;
			};
			name = Release;
		};
		031254541846665F00650AA4 /* Debug */ = {
			isa = XCBuildConfiguration;
			buildSettings = {
				BUNDLE_LOADER = "$(BUILT_PRODUCTS_DIR)/SquashApp.app/SquashApp";
				FRAMEWORK_SEARCH_PATHS = (
					"$(SDKROOT)/Developer/Library/Frameworks",
					"$(inherited)",
					"$(DEVELOPER_FRAMEWORKS_DIR)",
				);
				GCC_PRECOMPILE_PREFIX_HEADER = YES;
				GCC_PREFIX_HEADER = "SquashApp/SquashApp-Prefix.pch";
				GCC_PREPROCESSOR_DEFINITIONS = (
					"DEBUG=1",
					"$(inherited)",
				);
				INFOPLIST_FILE = "SquashAppTests/SquashAppTests-Info.plist";
				PRODUCT_BUNDLE_IDENTIFIER = "cat.uab.${PRODUCT_NAME:rfc1034identifier}";
				PRODUCT_NAME = "$(TARGET_NAME)";
				TEST_HOST = "$(BUNDLE_LOADER)";
				WRAPPER_EXTENSION = xctest;
			};
			name = Debug;
		};
		031254551846665F00650AA4 /* Release */ = {
			isa = XCBuildConfiguration;
			buildSettings = {
				BUNDLE_LOADER = "$(BUILT_PRODUCTS_DIR)/SquashApp.app/SquashApp";
				FRAMEWORK_SEARCH_PATHS = (
					"$(SDKROOT)/Developer/Library/Frameworks",
					"$(inherited)",
					"$(DEVELOPER_FRAMEWORKS_DIR)",
				);
				GCC_PRECOMPILE_PREFIX_HEADER = YES;
				GCC_PREFIX_HEADER = "SquashApp/SquashApp-Prefix.pch";
				INFOPLIST_FILE = "SquashAppTests/SquashAppTests-Info.plist";
				PRODUCT_BUNDLE_IDENTIFIER = "cat.uab.${PRODUCT_NAME:rfc1034identifier}";
				PRODUCT_NAME = "$(TARGET_NAME)";
				TEST_HOST = "$(BUNDLE_LOADER)";
				WRAPPER_EXTENSION = xctest;
			};
			name = Release;
		};
/* End XCBuildConfiguration section */

/* Begin XCConfigurationList section */
		031254191846665F00650AA4 /* Build configuration list for PBXProject "SquashApp" */ = {
			isa = XCConfigurationList;
			buildConfigurations = (
				0312544E1846665F00650AA4 /* Debug */,
				0312544F1846665F00650AA4 /* Release */,
			);
			defaultConfigurationIsVisible = 0;
			defaultConfigurationName = Release;
		};
		031254501846665F00650AA4 /* Build configuration list for PBXNativeTarget "SquashApp" */ = {
			isa = XCConfigurationList;
			buildConfigurations = (
				031254511846665F00650AA4 /* Debug */,
				031254521846665F00650AA4 /* Release */,
			);
			defaultConfigurationIsVisible = 0;
			defaultConfigurationName = Release;
		};
		031254531846665F00650AA4 /* Build configuration list for PBXNativeTarget "SquashAppTests" */ = {
			isa = XCConfigurationList;
			buildConfigurations = (
				031254541846665F00650AA4 /* Debug */,
				031254551846665F00650AA4 /* Release */,
			);
			defaultConfigurationIsVisible = 0;
			defaultConfigurationName = Release;
		};
/* End XCConfigurationList section */
	};
	rootObject = 031254161846665F00650AA4 /* Project object */;
}
