// !$*UTF8*$!
{
	archiveVersion = 1;
	classes = {
	};
	objectVersion = 46;
	objects = {

/* Begin PBXBuildFile section */
		03D546C518422FDB00EC920E /* Foundation.framework in Frameworks */ = {isa = PBXBuildFile; fileRef = 03D546C418422FDB00EC920E /* Foundation.framework */; };
		03D546C718422FDB00EC920E /* CoreGraphics.framework in Frameworks */ = {isa = PBXBuildFile; fileRef = 03D546C618422FDB00EC920E /* CoreGraphics.framework */; };
		03D546C918422FDB00EC920E /* UIKit.framework in Frameworks */ = {isa = PBXBuildFile; fileRef = 03D546C818422FDB00EC920E /* UIKit.framework */; };
		03D546CF18422FDB00EC920E /* InfoPlist.strings in Resources */ = {isa = PBXBuildFile; fileRef = 03D546CD18422FDB00EC920E /* InfoPlist.strings */; };
		03D546D118422FDB00EC920E /* main.m in Sources */ = {isa = PBXBuildFile; fileRef = 03D546D018422FDB00EC920E /* main.m */; };
		03D546D518422FDB00EC920E /* AppDelegate.m in Sources */ = {isa = PBXBuildFile; fileRef = 03D546D418422FDB00EC920E /* AppDelegate.m */; };
		03D546D818422FDB00EC920E /* Main.storyboard in Resources */ = {isa = PBXBuildFile; fileRef = 03D546D618422FDB00EC920E /* Main.storyboard */; };
		03D546DB18422FDB00EC920E /* ViewController.m in Sources */ = {isa = PBXBuildFile; fileRef = 03D546DA18422FDB00EC920E /* ViewController.m */; };
		03D546DD18422FDB00EC920E /* Images.xcassets in Resources */ = {isa = PBXBuildFile; fileRef = 03D546DC18422FDB00EC920E /* Images.xcassets */; };
		03D546E418422FDB00EC920E /* XCTest.framework in Frameworks */ = {isa = PBXBuildFile; fileRef = 03D546E318422FDB00EC920E /* XCTest.framework */; };
		03D546E518422FDB00EC920E /* Foundation.framework in Frameworks */ = {isa = PBXBuildFile; fileRef = 03D546C418422FDB00EC920E /* Foundation.framework */; };
		03D546E618422FDB00EC920E /* UIKit.framework in Frameworks */ = {isa = PBXBuildFile; fileRef = 03D546C818422FDB00EC920E /* UIKit.framework */; };
		03D546EE18422FDB00EC920E /* InfoPlist.strings in Resources */ = {isa = PBXBuildFile; fileRef = 03D546EC18422FDB00EC920E /* InfoPlist.strings */; };
		03D546F018422FDB00EC920E /* Ejercicio_03Tests.m in Sources */ = {isa = PBXBuildFile; fileRef = 03D546EF18422FDB00EC920E /* Ejercicio_03Tests.m */; };
		03D546FE1842300B00EC920E /* airplane.jpg in Resources */ = {isa = PBXBuildFile; fileRef = 03D546FA1842300B00EC920E /* airplane.jpg */; };
		03D546FF1842300B00EC920E /* parachute.png in Resources */ = {isa = PBXBuildFile; fileRef = 03D546FB1842300B00EC920E /* parachute.png */; };
		03D547001842300B00EC920E /* rayo1.jpg in Resources */ = {isa = PBXBuildFile; fileRef = 03D546FC1842300B00EC920E /* rayo1.jpg */; };
		03D547011842300B00EC920E /* rayo2.jpg in Resources */ = {isa = PBXBuildFile; fileRef = 03D546FD1842300B00EC920E /* rayo2.jpg */; };
/* End PBXBuildFile section */

/* Begin PBXContainerItemProxy section */
		03D546E718422FDB00EC920E /* PBXContainerItemProxy */ = {
			isa = PBXContainerItemProxy;
			containerPortal = 03D546B918422FDB00EC920E /* Project object */;
			proxyType = 1;
			remoteGlobalIDString = 03D546C018422FDB00EC920E;
			remoteInfo = Ejercicio_03;
		};
/* End PBXContainerItemProxy section */

/* Begin PBXFileReference section */
		03D546C118422FDB00EC920E /* Ejercicio_03.app */ = {isa = PBXFileReference; explicitFileType = wrapper.application; includeInIndex = 0; path = Ejercicio_03.app; sourceTree = BUILT_PRODUCTS_DIR; };
		03D546C418422FDB00EC920E /* Foundation.framework */ = {isa = PBXFileReference; lastKnownFileType = wrapper.framework; name = Foundation.framework; path = System/Library/Frameworks/Foundation.framework; sourceTree = SDKROOT; };
		03D546C618422FDB00EC920E /* CoreGraphics.framework */ = {isa = PBXFileReference; lastKnownFileType = wrapper.framework; name = CoreGraphics.framework; path = System/Library/Frameworks/CoreGraphics.framework; sourceTree = SDKROOT; };
		03D546C818422FDB00EC920E /* UIKit.framework */ = {isa = PBXFileReference; lastKnownFileType = wrapper.framework; name = UIKit.framework; path = System/Library/Frameworks/UIKit.framework; sourceTree = SDKROOT; };
		03D546CC18422FDB00EC920E /* Ejercicio_03-Info.plist */ = {isa = PBXFileReference; lastKnownFileType = text.plist.xml; path = "Ejercicio_03-Info.plist"; sourceTree = "<group>"; };
		03D546CE18422FDB00EC920E /* en */ = {isa = PBXFileReference; lastKnownFileType = text.plist.strings; name = en; path = en.lproj/InfoPlist.strings; sourceTree = "<group>"; };
		03D546D018422FDB00EC920E /* main.m */ = {isa = PBXFileReference; lastKnownFileType = sourcecode.c.objc; path = main.m; sourceTree = "<group>"; };
		03D546D218422FDB00EC920E /* Ejercicio_03-Prefix.pch */ = {isa = PBXFileReference; lastKnownFileType = sourcecode.c.h; path = "Ejercicio_03-Prefix.pch"; sourceTree = "<group>"; };
		03D546D318422FDB00EC920E /* AppDelegate.h */ = {isa = PBXFileReference; lastKnownFileType = sourcecode.c.h; path = AppDelegate.h; sourceTree = "<group>"; };
		03D546D418422FDB00EC920E /* AppDelegate.m */ = {isa = PBXFileReference; lastKnownFileType = sourcecode.c.objc; path = AppDelegate.m; sourceTree = "<group>"; };
		03D546D718422FDB00EC920E /* Base */ = {isa = PBXFileReference; lastKnownFileType = file.storyboard; name = Base; path = Base.lproj/Main.storyboard; sourceTree = "<group>"; };
		03D546D918422FDB00EC920E /* ViewController.h */ = {isa = PBXFileReference; lastKnownFileType = sourcecode.c.h; path = ViewController.h; sourceTree = "<group>"; };
		03D546DA18422FDB00EC920E /* ViewController.m */ = {isa = PBXFileReference; lastKnownFileType = sourcecode.c.objc; path = ViewController.m; sourceTree = "<group>"; };
		03D546DC18422FDB00EC920E /* Images.xcassets */ = {isa = PBXFileReference; lastKnownFileType = folder.assetcatalog; path = Images.xcassets; sourceTree = "<group>"; };
		03D546E218422FDB00EC920E /* Ejercicio_03Tests.xctest */ = {isa = PBXFileReference; explicitFileType = wrapper.cfbundle; includeInIndex = 0; path = Ejercicio_03Tests.xctest; sourceTree = BUILT_PRODUCTS_DIR; };
		03D546E318422FDB00EC920E /* XCTest.framework */ = {isa = PBXFileReference; lastKnownFileType = wrapper.framework; name = XCTest.framework; path = Library/Frameworks/XCTest.framework; sourceTree = DEVELOPER_DIR; };
		03D546EB18422FDB00EC920E /* Ejercicio_03Tests-Info.plist */ = {isa = PBXFileReference; lastKnownFileType = text.plist.xml; path = "Ejercicio_03Tests-Info.plist"; sourceTree = "<group>"; };
		03D546ED18422FDB00EC920E /* en */ = {isa = PBXFileReference; lastKnownFileType = text.plist.strings; name = en; path = en.lproj/InfoPlist.strings; sourceTree = "<group>"; };
		03D546EF18422FDB00EC920E /* Ejercicio_03Tests.m */ = {isa = PBXFileReference; lastKnownFileType = sourcecode.c.objc; path = Ejercicio_03Tests.m; sourceTree = "<group>"; };
		03D546FA1842300B00EC920E /* airplane.jpg */ = {isa = PBXFileReference; lastKnownFileType = image.jpeg; path = airplane.jpg; sourceTree = "<group>"; };
		03D546FB1842300B00EC920E /* parachute.png */ = {isa = PBXFileReference; lastKnownFileType = image.png; path = parachute.png; sourceTree = "<group>"; };
		03D546FC1842300B00EC920E /* rayo1.jpg */ = {isa = PBXFileReference; lastKnownFileType = image.jpeg; path = rayo1.jpg; sourceTree = "<group>"; };
		03D546FD1842300B00EC920E /* rayo2.jpg */ = {isa = PBXFileReference; lastKnownFileType = image.jpeg; path = rayo2.jpg; sourceTree = "<group>"; };
/* End PBXFileReference section */

/* Begin PBXFrameworksBuildPhase section */
		03D546BE18422FDB00EC920E /* Frameworks */ = {
			isa = PBXFrameworksBuildPhase;
			buildActionMask = 2147483647;
			files = (
				03D546C718422FDB00EC920E /* CoreGraphics.framework in Frameworks */,
				03D546C918422FDB00EC920E /* UIKit.framework in Frameworks */,
				03D546C518422FDB00EC920E /* Foundation.framework in Frameworks */,
			);
			runOnlyForDeploymentPostprocessing = 0;
		};
		03D546DF18422FDB00EC920E /* Frameworks */ = {
			isa = PBXFrameworksBuildPhase;
			buildActionMask = 2147483647;
			files = (
				03D546E418422FDB00EC920E /* XCTest.framework in Frameworks */,
				03D546E618422FDB00EC920E /* UIKit.framework in Frameworks */,
				03D546E518422FDB00EC920E /* Foundation.framework in Frameworks */,
			);
			runOnlyForDeploymentPostprocessing = 0;
		};
/* End PBXFrameworksBuildPhase section */

/* Begin PBXGroup section */
		03D546B818422FDB00EC920E = {
			isa = PBXGroup;
			children = (
				03D546CA18422FDB00EC920E /* Ejercicio_03 */,
				03D546E918422FDB00EC920E /* Ejercicio_03Tests */,
				03D546C318422FDB00EC920E /* Frameworks */,
				03D546C218422FDB00EC920E /* Products */,
			);
			sourceTree = "<group>";
		};
		03D546C218422FDB00EC920E /* Products */ = {
			isa = PBXGroup;
			children = (
				03D546C118422FDB00EC920E /* Ejercicio_03.app */,
				03D546E218422FDB00EC920E /* Ejercicio_03Tests.xctest */,
			);
			name = Products;
			sourceTree = "<group>";
		};
		03D546C318422FDB00EC920E /* Frameworks */ = {
			isa = PBXGroup;
			children = (
				03D546C418422FDB00EC920E /* Foundation.framework */,
				03D546C618422FDB00EC920E /* CoreGraphics.framework */,
				03D546C818422FDB00EC920E /* UIKit.framework */,
				03D546E318422FDB00EC920E /* XCTest.framework */,
			);
			name = Frameworks;
			sourceTree = "<group>";
		};
		03D546CA18422FDB00EC920E /* Ejercicio_03 */ = {
			isa = PBXGroup;
			children = (
				03D546D318422FDB00EC920E /* AppDelegate.h */,
				03D546D418422FDB00EC920E /* AppDelegate.m */,
				03D546D618422FDB00EC920E /* Main.storyboard */,
				03D546D918422FDB00EC920E /* ViewController.h */,
				03D546DA18422FDB00EC920E /* ViewController.m */,
				03D546DC18422FDB00EC920E /* Images.xcassets */,
				03D546CB18422FDB00EC920E /* Supporting Files */,
			);
			path = Ejercicio_03;
			sourceTree = "<group>";
		};
		03D546CB18422FDB00EC920E /* Supporting Files */ = {
			isa = PBXGroup;
			children = (
				03D546F91842300B00EC920E /* c1_Animaciones */,
				03D546CC18422FDB00EC920E /* Ejercicio_03-Info.plist */,
				03D546CD18422FDB00EC920E /* InfoPlist.strings */,
				03D546D018422FDB00EC920E /* main.m */,
				03D546D218422FDB00EC920E /* Ejercicio_03-Prefix.pch */,
			);
			name = "Supporting Files";
			sourceTree = "<group>";
		};
		03D546E918422FDB00EC920E /* Ejercicio_03Tests */ = {
			isa = PBXGroup;
			children = (
				03D546EF18422FDB00EC920E /* Ejercicio_03Tests.m */,
				03D546EA18422FDB00EC920E /* Supporting Files */,
			);
			path = Ejercicio_03Tests;
			sourceTree = "<group>";
		};
		03D546EA18422FDB00EC920E /* Supporting Files */ = {
			isa = PBXGroup;
			children = (
				03D546EB18422FDB00EC920E /* Ejercicio_03Tests-Info.plist */,
				03D546EC18422FDB00EC920E /* InfoPlist.strings */,
			);
			name = "Supporting Files";
			sourceTree = "<group>";
		};
		03D546F91842300B00EC920E /* c1_Animaciones */ = {
			isa = PBXGroup;
			children = (
				03D546FA1842300B00EC920E /* airplane.jpg */,
				03D546FB1842300B00EC920E /* parachute.png */,
				03D546FC1842300B00EC920E /* rayo1.jpg */,
				03D546FD1842300B00EC920E /* rayo2.jpg */,
			);
			path = c1_Animaciones;
			sourceTree = "<group>";
		};
/* End PBXGroup section */

/* Begin PBXNativeTarget section */
		03D546C018422FDB00EC920E /* Ejercicio_03 */ = {
			isa = PBXNativeTarget;
			buildConfigurationList = 03D546F318422FDB00EC920E /* Build configuration list for PBXNativeTarget "Ejercicio_03" */;
			buildPhases = (
				03D546BD18422FDB00EC920E /* Sources */,
				03D546BE18422FDB00EC920E /* Frameworks */,
				03D546BF18422FDB00EC920E /* Resources */,
			);
			buildRules = (
			);
			dependencies = (
			);
			name = Ejercicio_03;
			productName = Ejercicio_03;
			productReference = 03D546C118422FDB00EC920E /* Ejercicio_03.app */;
			productType = "com.apple.product-type.application";
		};
		03D546E118422FDB00EC920E /* Ejercicio_03Tests */ = {
			isa = PBXNativeTarget;
			buildConfigurationList = 03D546F618422FDB00EC920E /* Build configuration list for PBXNativeTarget "Ejercicio_03Tests" */;
			buildPhases = (
				03D546DE18422FDB00EC920E /* Sources */,
				03D546DF18422FDB00EC920E /* Frameworks */,
				03D546E018422FDB00EC920E /* Resources */,
			);
			buildRules = (
			);
			dependencies = (
				03D546E818422FDB00EC920E /* PBXTargetDependency */,
			);
			name = Ejercicio_03Tests;
			productName = Ejercicio_03Tests;
			productReference = 03D546E218422FDB00EC920E /* Ejercicio_03Tests.xctest */;
			productType = "com.apple.product-type.bundle.unit-test";
		};
/* End PBXNativeTarget section */

/* Begin PBXProject section */
		03D546B918422FDB00EC920E /* Project object */ = {
			isa = PBXProject;
			attributes = {
				LastUpgradeCheck = 0710;
				ORGANIZATIONNAME = UAB;
				TargetAttributes = {
					03D546E118422FDB00EC920E = {
						TestTargetID = 03D546C018422FDB00EC920E;
					};
				};
			};
			buildConfigurationList = 03D546BC18422FDB00EC920E /* Build configuration list for PBXProject "Ejercicio_03" */;
			compatibilityVersion = "Xcode 3.2";
			developmentRegion = English;
			hasScannedForEncodings = 0;
			knownRegions = (
				en,
				Base,
			);
			mainGroup = 03D546B818422FDB00EC920E;
			productRefGroup = 03D546C218422FDB00EC920E /* Products */;
			projectDirPath = "";
			projectRoot = "";
			targets = (
				03D546C018422FDB00EC920E /* Ejercicio_03 */,
				03D546E118422FDB00EC920E /* Ejercicio_03Tests */,
			);
		};
/* End PBXProject section */

/* Begin PBXResourcesBuildPhase section */
		03D546BF18422FDB00EC920E /* Resources */ = {
			isa = PBXResourcesBuildPhase;
			buildActionMask = 2147483647;
			files = (
				03D546DD18422FDB00EC920E /* Images.xcassets in Resources */,
				03D546CF18422FDB00EC920E /* InfoPlist.strings in Resources */,
				03D546FF1842300B00EC920E /* parachute.png in Resources */,
				03D546D818422FDB00EC920E /* Main.storyboard in Resources */,
				03D547001842300B00EC920E /* rayo1.jpg in Resources */,
				03D547011842300B00EC920E /* rayo2.jpg in Resources */,
				03D546FE1842300B00EC920E /* airplane.jpg in Resources */,
			);
			runOnlyForDeploymentPostprocessing = 0;
		};
		03D546E018422FDB00EC920E /* Resources */ = {
			isa = PBXResourcesBuildPhase;
			buildActionMask = 2147483647;
			files = (
				03D546EE18422FDB00EC920E /* InfoPlist.strings in Resources */,
			);
			runOnlyForDeploymentPostprocessing = 0;
		};
/* End PBXResourcesBuildPhase section */

/* Begin PBXSourcesBuildPhase section */
		03D546BD18422FDB00EC920E /* Sources */ = {
			isa = PBXSourcesBuildPhase;
			buildActionMask = 2147483647;
			files = (
				03D546DB18422FDB00EC920E /* ViewController.m in Sources */,
				03D546D518422FDB00EC920E /* AppDelegate.m in Sources */,
				03D546D118422FDB00EC920E /* main.m in Sources */,
			);
			runOnlyForDeploymentPostprocessing = 0;
		};
		03D546DE18422FDB00EC920E /* Sources */ = {
			isa = PBXSourcesBuildPhase;
			buildActionMask = 2147483647;
			files = (
				03D546F018422FDB00EC920E /* Ejercicio_03Tests.m in Sources */,
			);
			runOnlyForDeploymentPostprocessing = 0;
		};
/* End PBXSourcesBuildPhase section */

/* Begin PBXTargetDependency section */
		03D546E818422FDB00EC920E /* PBXTargetDependency */ = {
			isa = PBXTargetDependency;
			target = 03D546C018422FDB00EC920E /* Ejercicio_03 */;
			targetProxy = 03D546E718422FDB00EC920E /* PBXContainerItemProxy */;
		};
/* End PBXTargetDependency section */

/* Begin PBXVariantGroup section */
		03D546CD18422FDB00EC920E /* InfoPlist.strings */ = {
			isa = PBXVariantGroup;
			children = (
				03D546CE18422FDB00EC920E /* en */,
			);
			name = InfoPlist.strings;
			sourceTree = "<group>";
		};
		03D546D618422FDB00EC920E /* Main.storyboard */ = {
			isa = PBXVariantGroup;
			children = (
				03D546D718422FDB00EC920E /* Base */,
			);
			name = Main.storyboard;
			sourceTree = "<group>";
		};
		03D546EC18422FDB00EC920E /* InfoPlist.strings */ = {
			isa = PBXVariantGroup;
			children = (
				03D546ED18422FDB00EC920E /* en */,
			);
			name = InfoPlist.strings;
			sourceTree = "<group>";
		};
/* End PBXVariantGroup section */

/* Begin XCBuildConfiguration section */
		03D546F118422FDB00EC920E /* Debug */ = {
			isa = XCBuildConfiguration;
			buildSettings = {
				ALWAYS_SEARCH_USER_PATHS = NO;
				CLANG_CXX_LANGUAGE_STANDARD = "gnu++0x";
				CLANG_CXX_LIBRARY = "libc++";
				CLANG_ENABLE_MODULES = YES;
				CLANG_ENABLE_OBJC_ARC = YES;
				CLANG_WARN_BOOL_CONVERSION = YES;
				CLANG_WARN_CONSTANT_CONVERSION = YES;
				CLANG_WARN_DIRECT_OBJC_ISA_USAGE = YES_ERROR;
				CLANG_WARN_EMPTY_BODY = YES;
				CLANG_WARN_ENUM_CONVERSION = YES;
				CLANG_WARN_INT_CONVERSION = YES;
				CLANG_WARN_OBJC_ROOT_CLASS = YES_ERROR;
				CLANG_WARN__DUPLICATE_METHOD_MATCH = YES;
				"CODE_SIGN_IDENTITY[sdk=iphoneos*]" = "iPhone Developer";
				COPY_PHASE_STRIP = NO;
				ENABLE_TESTABILITY = YES;
				GCC_C_LANGUAGE_STANDARD = gnu99;
				GCC_DYNAMIC_NO_PIC = NO;
				GCC_OPTIMIZATION_LEVEL = 0;
				GCC_PREPROCESSOR_DEFINITIONS = (
					"DEBUG=1",
					"$(inherited)",
				);
				GCC_SYMBOLS_PRIVATE_EXTERN = NO;
				GCC_WARN_64_TO_32_BIT_CONVERSION = YES;
				GCC_WARN_ABOUT_RETURN_TYPE = YES_ERROR;
				GCC_WARN_UNDECLARED_SELECTOR = YES;
				GCC_WARN_UNINITIALIZED_AUTOS = YES;
				GCC_WARN_UNUSED_FUNCTION = YES;
				GCC_WARN_UNUSED_VARIABLE = YES;
				IPHONEOS_DEPLOYMENT_TARGET = 9.1;
				ONLY_ACTIVE_ARCH = YES;
				SDKROOT = iphoneos;
			};
			name = Debug;
		};
		03D546F218422FDB00EC920E /* Release */ = {
			isa = XCBuildConfiguration;
			buildSettings = {
				ALWAYS_SEARCH_USER_PATHS = NO;
				CLANG_CXX_LANGUAGE_STANDARD = "gnu++0x";
				CLANG_CXX_LIBRARY = "libc++";
				CLANG_ENABLE_MODULES = YES;
				CLANG_ENABLE_OBJC_ARC = YES;
				CLANG_WARN_BOOL_CONVERSION = YES;
				CLANG_WARN_CONSTANT_CONVERSION = YES;
				CLANG_WARN_DIRECT_OBJC_ISA_USAGE = YES_ERROR;
				CLANG_WARN_EMPTY_BODY = YES;
				CLANG_WARN_ENUM_CONVERSION = YES;
				CLANG_WARN_INT_CONVERSION = YES;
				CLANG_WARN_OBJC_ROOT_CLASS = YES_ERROR;
				CLANG_WARN__DUPLICATE_METHOD_MATCH = YES;
				"CODE_SIGN_IDENTITY[sdk=iphoneos*]" = "iPhone Developer";
				COPY_PHASE_STRIP = YES;
				ENABLE_NS_ASSERTIONS = NO;
				GCC_C_LANGUAGE_STANDARD = gnu99;
				GCC_WARN_64_TO_32_BIT_CONVERSION = YES;
				GCC_WARN_ABOUT_RETURN_TYPE = YES_ERROR;
				GCC_WARN_UNDECLARED_SELECTOR = YES;
				GCC_WARN_UNINITIALIZED_AUTOS = YES;
				GCC_WARN_UNUSED_FUNCTION = YES;
				GCC_WARN_UNUSED_VARIABLE = YES;
				IPHONEOS_DEPLOYMENT_TARGET = 9.1;
				SDKROOT = iphoneos;
				VALIDATE_PRODUCT = YES;
			};
			name = Release;
		};
		03D546F418422FDB00EC920E /* Debug */ = {
			isa = XCBuildConfiguration;
			buildSettings = {
				ASSETCATALOG_COMPILER_APPICON_NAME = AppIcon;
				ASSETCATALOG_COMPILER_LAUNCHIMAGE_NAME = LaunchImage;
				GCC_PRECOMPILE_PREFIX_HEADER = YES;
				GCC_PREFIX_HEADER = "Ejercicio_03/Ejercicio_03-Prefix.pch";
				INFOPLIST_FILE = "Ejercicio_03/Ejercicio_03-Info.plist";
				IPHONEOS_DEPLOYMENT_TARGET = 9.1;
				PRODUCT_BUNDLE_IDENTIFIER = "cat.uab.${PRODUCT_NAME:rfc1034identifier}";
				PRODUCT_NAME = "$(TARGET_NAME)";
				WRAPPER_EXTENSION = app;
			};
			name = Debug;
		};
		03D546F518422FDB00EC920E /* Release */ = {
			isa = XCBuildConfiguration;
			buildSettings = {
				ASSETCATALOG_COMPILER_APPICON_NAME = AppIcon;
				ASSETCATALOG_COMPILER_LAUNCHIMAGE_NAME = LaunchImage;
				GCC_PRECOMPILE_PREFIX_HEADER = YES;
				GCC_PREFIX_HEADER = "Ejercicio_03/Ejercicio_03-Prefix.pch";
				INFOPLIST_FILE = "Ejercicio_03/Ejercicio_03-Info.plist";
				IPHONEOS_DEPLOYMENT_TARGET = 9.1;
				PRODUCT_BUNDLE_IDENTIFIER = "cat.uab.${PRODUCT_NAME:rfc1034identifier}";
				PRODUCT_NAME = "$(TARGET_NAME)";
				WRAPPER_EXTENSION = app;
			};
			name = Release;
		};
		03D546F718422FDB00EC920E /* Debug */ = {
			isa = XCBuildConfiguration;
			buildSettings = {
				BUNDLE_LOADER = "$(BUILT_PRODUCTS_DIR)/Ejercicio_03.app/Ejercicio_03";
				FRAMEWORK_SEARCH_PATHS = (
					"$(SDKROOT)/Developer/Library/Frameworks",
					"$(inherited)",
					"$(DEVELOPER_FRAMEWORKS_DIR)",
				);
				GCC_PRECOMPILE_PREFIX_HEADER = YES;
				GCC_PREFIX_HEADER = "Ejercicio_03/Ejercicio_03-Prefix.pch";
				GCC_PREPROCESSOR_DEFINITIONS = (
					"DEBUG=1",
					"$(inherited)",
				);
				INFOPLIST_FILE = "Ejercicio_03Tests/Ejercicio_03Tests-Info.plist";
				PRODUCT_BUNDLE_IDENTIFIER = "cat.uab.${PRODUCT_NAME:rfc1034identifier}";
				PRODUCT_NAME = "$(TARGET_NAME)";
				TEST_HOST = "$(BUNDLE_LOADER)";
				WRAPPER_EXTENSION = xctest;
			};
			name = Debug;
		};
		03D546F818422FDB00EC920E /* Release */ = {
			isa = XCBuildConfiguration;
			buildSettings = {
				BUNDLE_LOADER = "$(BUILT_PRODUCTS_DIR)/Ejercicio_03.app/Ejercicio_03";
				FRAMEWORK_SEARCH_PATHS = (
					"$(SDKROOT)/Developer/Library/Frameworks",
					"$(inherited)",
					"$(DEVELOPER_FRAMEWORKS_DIR)",
				);
				GCC_PRECOMPILE_PREFIX_HEADER = YES;
				GCC_PREFIX_HEADER = "Ejercicio_03/Ejercicio_03-Prefix.pch";
				INFOPLIST_FILE = "Ejercicio_03Tests/Ejercicio_03Tests-Info.plist";
				PRODUCT_BUNDLE_IDENTIFIER = "cat.uab.${PRODUCT_NAME:rfc1034identifier}";
				PRODUCT_NAME = "$(TARGET_NAME)";
				TEST_HOST = "$(BUNDLE_LOADER)";
				WRAPPER_EXTENSION = xctest;
			};
			name = Release;
		};
/* End XCBuildConfiguration section */

/* Begin XCConfigurationList section */
		03D546BC18422FDB00EC920E /* Build configuration list for PBXProject "Ejercicio_03" */ = {
			isa = XCConfigurationList;
			buildConfigurations = (
				03D546F118422FDB00EC920E /* Debug */,
				03D546F218422FDB00EC920E /* Release */,
			);
			defaultConfigurationIsVisible = 0;
			defaultConfigurationName = Release;
		};
		03D546F318422FDB00EC920E /* Build configuration list for PBXNativeTarget "Ejercicio_03" */ = {
			isa = XCConfigurationList;
			buildConfigurations = (
				03D546F418422FDB00EC920E /* Debug */,
				03D546F518422FDB00EC920E /* Release */,
			);
			defaultConfigurationIsVisible = 0;
			defaultConfigurationName = Release;
		};
		03D546F618422FDB00EC920E /* Build configuration list for PBXNativeTarget "Ejercicio_03Tests" */ = {
			isa = XCConfigurationList;
			buildConfigurations = (
				03D546F718422FDB00EC920E /* Debug */,
				03D546F818422FDB00EC920E /* Release */,
			);
			defaultConfigurationIsVisible = 0;
			defaultConfigurationName = Release;
		};
/* End XCConfigurationList section */
	};
	rootObject = 03D546B918422FDB00EC920E /* Project object */;
}
